
Microsoft Visual Studio Solution File, Format Version 12.00
# Visual Studio Version 17
VisualStudioVersion = 17.10.35013.160
MinimumVisualStudioVersion = 10.0.40219.1
Project("{FAE04EC0-301F-11D3-BF4B-00C04F79EFBC}") = "NumberToWord_WordToNumber", "NumberToWord_WordToNumber\NumberToWord_WordToNumber.csproj", "{00F63671-59EB-404B-B04F-4C10A2781BF1}"
EndProject
Project("{FAE04EC0-301F-11D3-BF4B-00C04F79EFBC}") = "TestProject1", "TestProject1\TestProject1.csproj", "{49059AF7-1BEB-4ACE-AF66-1E7284620A13}"
EndProject
Global
	GlobalSection(SolutionConfigurationPlatforms) = preSolution
		Debug|Any CPU = Debug|Any CPU
		Release|Any CPU = Release|Any CPU
	EndGlobalSection
	GlobalSection(ProjectConfigurationPlatforms) = postSolution
		{00F63671-59EB-404B-B04F-4C10A2781BF1}.Debug|Any CPU.ActiveCfg = Debug|Any CPU
		{00F63671-59EB-404B-B04F-4C10A2781BF1}.Debug|Any CPU.Build.0 = Debug|Any CPU
		{00F63671-59EB-404B-B04F-4C10A2781BF1}.Release|Any CPU.ActiveCfg = Release|Any CPU
		{00F63671-59EB-404B-B04F-4C10A2781BF1}.Release|Any CPU.Build.0 = Release|Any CPU
		{49059AF7-1BEB-4ACE-AF66-1E7284620A13}.Debug|Any CPU.ActiveCfg = Debug|Any CPU
		{49059AF7-1BEB-4ACE-AF66-1E7284620A13}.Debug|Any CPU.Build.0 = Debug|Any CPU
		{49059AF7-1BEB-4ACE-AF66-1E7284620A13}.Release|Any CPU.ActiveCfg = Release|Any CPU
		{49059AF7-1BEB-4ACE-AF66-1E7284620A13}.Release|Any CPU.Build.0 = Release|Any CPU
	EndGlobalSection
	GlobalSection(SolutionProperties) = preSolution
		HideSolutionNode = FALSE
	EndGlobalSection
	GlobalSection(ExtensibilityGlobals) = postSolution
		SolutionGuid = {CF759A54-AF03-42C8-83AF-FCEA1F183BFE}
	EndGlobalSection
EndGlobal
